dependencies:
  espressif/cjson:
    component_hash: e788323270d90738662d66fffa910bfe1fba019bba087f01557e70c40485b469
    dependencies:
    - name: idf
      require: private
      version: '>=5.0'
    source:
      registry_url: https://components.espressif.com/
      type: service
    version: 1.7.19~2
  idf:
    source:
      type: idf
    version: 6.0.1
direct_dependencies:
- espressif/cjson
- idf
manifest_hash: a3625914075631f383425b20f843decf09d43ee6692b50edc524787d05546053
target: esp32
version: 2.0.0
